
Microsoft Visual Studio Solution File, Format Version 12.00
# Visual Studio Version 16
VisualStudioVersion = 16.0.32602.291
MinimumVisualStudioVersion = 10.0.40219.1
Project("{FAE04EC0-301F-11D3-BF4B-00C04F79EFBC}") = "Home18", "Home18.csproj", "{675DDB96-156A-4D00-BA50-10213132B851}"
EndProject
Global
	GlobalSection(SolutionConfigurationPlatforms) = preSolution
		Debug|Any CPU = Debug|Any CPU
		Release|Any CPU = Release|Any CPU
	EndGlobalSection
	GlobalSection(ProjectConfigurationPlatforms) = postSolution
		{675DDB96-156A-4D00-BA50-10213132B851}.Debug|Any CPU.ActiveCfg = Debug|Any CPU
		{675DDB96-156A-4D00-BA50-10213132B851}.Debug|Any CPU.Build.0 = Debug|Any CPU
		{675DDB96-156A-4D00-BA50-10213132B851}.Release|Any CPU.ActiveCfg = Release|Any CPU
		{675DDB96-156A-4D00-BA50-10213132B851}.Release|Any CPU.Build.0 = Release|Any CPU
	EndGlobalSection
	GlobalSection(SolutionProperties) = preSolution
		HideSolutionNode = FALSE
	EndGlobalSection
	GlobalSection(ExtensibilityGlobals) = postSolution
		SolutionGuid = {4D79AFDE-37F7-4309-A7E8-A8AF4161BB92}
	EndGlobalSection
EndGlobal
